{
  "originHash": "",
  "pins": [
    {
      "identity": "apollo-ios",
      "kind": "remoteSourceControl",
      "location": "https://github.com/apollographql/apollo-ios",
      "state": {
        "revision": "d328c0ed3f50c856f8611f54191601a4d2be8533",
        "version": "0.49.0"
      }
    },
    {
      "identity": "bigint",
      "kind": "remoteSourceControl",
      "location": "https://github.com/attaswift/BigInt.git",
      "state": {
        "revision": "0ed110f7555c34ff468e72e1686e59721f2b0da6",
        "version": "5.3.0"
      }
    },
    {
      "identity": "codescanner",
      "kind": "remoteSourceControl",
      "location": "https://github.com/twostraws/CodeScanner",
      "state": {
        "revision": "5e886430238944c7200fc9e10dbf2d9550dba865",
        "version": "2.5.2"
      }
    },
    {
      "identity": "cryptoswift",
      "kind": "remoteSourceControl",
      "location": "https://github.com/krzyzanowskim/CryptoSwift.git",
      "state": {
        "revision": "f2a627b84c1ff96f21ac2fcb623ab36142dd5512",
        "version": "1.10.0"
      }
    },
    {
      "identity": "sindresorhus-defaults",
      "kind": "remoteSourceControl",
      "location": "https://github.com/neevaco/sindresorhus-Defaults",
      "state": {
        "branch": "neeva-v4.2.2",
        "revision": "711b645a34e363bcba3d0f8a265a3763b81ee589"
      }
    },
    {
      "identity": "swiftui-introspect",
      "kind": "remoteSourceControl",
      "location": "https://github.com/siteline/SwiftUI-Introspect",
      "state": {
        "revision": "807f73ce09a9b9723f12385e592b4e0aaebd3336",
        "version": "1.3.0"
      }
    },
    {
      "identity": "keychainaccess",
      "kind": "remoteSourceControl",
      "location": "https://github.com/kishikawakatsumi/KeychainAccess",
      "state": {
        "revision": "84e546727d66f1adc5439debad16270d0fdd04e7",
        "version": "4.2.2"
      }
    },
    {
      "identity": "plcrashreporter",
      "kind": "remoteSourceControl",
      "location": "https://github.com/microsoft/plcrashreporter.git",
      "state": {
        "revision": "0254f941c646b1ed17b243654723d0f071e990d0",
        "version": "1.12.2"
      }
    },
    {
      "identity": "promisekit",
      "kind": "remoteSourceControl",
      "location": "https://github.com/mxcl/PromiseKit.git",
      "state": {
        "revision": "93c8d41ce96ed78f36c3948be396d76f3ca3de1b",
        "version": "6.16.2"
      }
    },
    {
      "identity": "reachability.swift",
      "kind": "remoteSourceControl",
      "location": "https://github.com/ashleymills/Reachability.swift",
      "state": {
        "revision": "21d1dc412cfecbe6e34f1f4c4eb88d3f912654a6",
        "version": "5.2.4"
      }
    },
    {
      "identity": "sfsafesymbols",
      "kind": "remoteSourceControl",
      "location": "https://github.com/piknotech/SFSafeSymbols",
      "state": {
        "revision": "c61de7a6e9eb1520d32316b06d5932accd974e70",
        "version": "2.1.3"
      }
    },
    {
      "identity": "sqlite.swift",
      "kind": "remoteSourceControl",
      "location": "https://github.com/stephencelis/SQLite.swift.git",
      "state": {
        "revision": "964c300fb0736699ce945c9edb56ecd62eba27a3",
        "version": "0.16.0"
      }
    },
    {
      "identity": "starscream",
      "kind": "remoteSourceControl",
      "location": "https://github.com/daltoniam/Starscream.git",
      "state": {
        "revision": "c6bfd1af48efcc9a9ad203665db12375ba6b145a",
        "version": "4.0.8"
      }
    },
    {
      "identity": "viewinspector",
      "kind": "remoteSourceControl",
      "location": "https://github.com/nalexn/ViewInspector",
      "state": {
        "revision": "e9a06346499a3a889165647e3f23f8a7b2609a1c",
        "version": "0.10.3"
      }
    },
    {
      "identity": "walletconnectswift",
      "kind": "remoteSourceControl",
      "location": "https://github.com/WalletConnect/WalletConnectSwift.git",
      "state": {
        "revision": "e0bbfd16d5c54a7aa7e316956d765399c6332fa2",
        "version": "1.7.0"
      }
    },
    {
      "identity": "web3swift",
      "kind": "remoteSourceControl",
      "location": "https://github.com/skywinder/web3swift",
      "state": {
        "revision": "e5e339b65cd1da3208b92a4bfcbc97e0f298d8a9"
      }
    }
  ],
  "version": 2
}
